// !$*UTF8*$!
{
	archiveVersion = 1;
	classes = {
	};
	objectVersion = 50;
	objects = {

/* Begin PBXBuildFile section */
		2102A0572642269B000569B7 /* 10035.png in Resources */ = {isa = PBXBuildFile; fileRef = 2102A0562642269B000569B7 /* 10035.png */; };
		2102A05A264226AC000569B7 /* 10024.png in Resources */ = {isa = PBXBuildFile; fileRef = 2102A059264226AC000569B7 /* 10024.png */; };
		2102A064264226C1000569B7 /* 10028.png in Resources */ = {isa = PBXBuildFile; fileRef = 2102A05C264226C1000569B7 /* 10028.png */; };
		2102A068264226EE000569B7 /* 10006.png in Resources */ = {isa = PBXBuildFile; fileRef = 2102A067264226EE000569B7 /* 10006.png */; };
		2107302F2671ED9000C653EE /* SegmentationMap.swift in Sources */ = {isa = PBXBuildFile; fileRef = 2107302E2671ED9000C653EE /* SegmentationMap.swift */; };
		212DCF9F2681714200FBF0C6 /* ModelOutput.swift in Sources */ = {isa = PBXBuildFile; fileRef = 212DCF9E2681714200FBF0C6 /* ModelOutput.swift */; };
		21800D50266E107200D7532F /* TissueLabelType.swift in Sources */ = {isa = PBXBuildFile; fileRef = 21800D4F266E107200D7532F /* TissueLabelType.swift */; };
		21800D57266F177C00D7532F /* ConfidenceLabelType.swift in Sources */ = {isa = PBXBuildFile; fileRef = 21800D56266F177C00D7532F /* ConfidenceLabelType.swift */; };
		2184A3022655F1EE00AEF111 /* MobileNetV2.mlmodel in Sources */ = {isa = PBXBuildFile; fileRef = 2184A3012655F1EE00AEF111 /* MobileNetV2.mlmodel */; };
		21887CB726256CC5005707C1 /* AppDelegate.swift in Sources */ = {isa = PBXBuildFile; fileRef = 21887CB626256CC5005707C1 /* AppDelegate.swift */; };
		21887CB926256CC5005707C1 /* SceneDelegate.swift in Sources */ = {isa = PBXBuildFile; fileRef = 21887CB826256CC5005707C1 /* SceneDelegate.swift */; };
		21887CBB26256CC5005707C1 /* ViewController.swift in Sources */ = {isa = PBXBuildFile; fileRef = 21887CBA26256CC5005707C1 /* ViewController.swift */; };
		21887CBE26256CC5005707C1 /* Main.storyboard in Resources */ = {isa = PBXBuildFile; fileRef = 21887CBC26256CC5005707C1 /* Main.storyboard */; };
		21887CC026256CCB005707C1 /* Assets.xcassets in Resources */ = {isa = PBXBuildFile; fileRef = 21887CBF26256CCB005707C1 /* Assets.xcassets */; };
		21887CC326256CCB005707C1 /* LaunchScreen.storyboard in Resources */ = {isa = PBXBuildFile; fileRef = 21887CC126256CCB005707C1 /* LaunchScreen.storyboard */; };
		21887CD126256D17005707C1 /* deeplab.json in Resources */ = {isa = PBXBuildFile; fileRef = 21887CD026256D17005707C1 /* deeplab.json */; };
		21887CD426256D20005707C1 /* deeplab.mlmodel in Sources */ = {isa = PBXBuildFile; fileRef = 21887CD326256D20005707C1 /* deeplab.mlmodel */; };
		21887CD726256D68005707C1 /* Segmentator.swift in Sources */ = {isa = PBXBuildFile; fileRef = 21887CD626256D68005707C1 /* Segmentator.swift */; };
		21887CDA26256D9B005707C1 /* Extensions.swift in Sources */ = {isa = PBXBuildFile; fileRef = 21887CD926256D9B005707C1 /* Extensions.swift */; };
		21887CDD26256DC0005707C1 /* SegmentationMultiArrayResult.swift in Sources */ = {isa = PBXBuildFile; fileRef = 21887CDC26256DC0005707C1 /* SegmentationMultiArrayResult.swift */; };
		21887CE92625720C005707C1 /* 10005.png in Resources */ = {isa = PBXBuildFile; fileRef = 21887CE82625720C005707C1 /* 10005.png */; };
		21887CEC2625721F005707C1 /* 10038.png in Resources */ = {isa = PBXBuildFile; fileRef = 21887CEB2625721F005707C1 /* 10038.png */; };
		219592FF263BC342007AF858 /* mobileunet_model.mlmodel in Sources */ = {isa = PBXBuildFile; fileRef = 219592FE263BC342007AF858 /* mobileunet_model.mlmodel */; };
		21959302263BD697007AF858 /* 10020.png in Resources */ = {isa = PBXBuildFile; fileRef = 21959301263BD697007AF858 /* 10020.png */; };
/* End PBXBuildFile section */

/* Begin PBXFileReference section */
		2102A0562642269B000569B7 /* 10035.png */ = {isa = PBXFileReference; lastKnownFileType = image.png; path = 10035.png; sourceTree = "<group>"; };
		2102A059264226AC000569B7 /* 10024.png */ = {isa = PBXFileReference; lastKnownFileType = image.png; path = 10024.png; sourceTree = "<group>"; };
		2102A05C264226C1000569B7 /* 10028.png */ = {isa = PBXFileReference; lastKnownFileType = image.png; path = 10028.png; sourceTree = "<group>"; };
		2102A067264226EE000569B7 /* 10006.png */ = {isa = PBXFileReference; lastKnownFileType = image.png; path = 10006.png; sourceTree = "<group>"; };
		2107302E2671ED9000C653EE /* SegmentationMap.swift */ = {isa = PBXFileReference; lastKnownFileType = sourcecode.swift; path = SegmentationMap.swift; sourceTree = "<group>"; };
		212DCF9E2681714200FBF0C6 /* ModelOutput.swift */ = {isa = PBXFileReference; lastKnownFileType = sourcecode.swift; path = ModelOutput.swift; sourceTree = "<group>"; };
		21800D4F266E107200D7532F /* TissueLabelType.swift */ = {isa = PBXFileReference; lastKnownFileType = sourcecode.swift; path = TissueLabelType.swift; sourceTree = "<group>"; };
		21800D56266F177C00D7532F /* ConfidenceLabelType.swift */ = {isa = PBXFileReference; lastKnownFileType = sourcecode.swift; path = ConfidenceLabelType.swift; sourceTree = "<group>"; };
		2184A3012655F1EE00AEF111 /* MobileNetV2.mlmodel */ = {isa = PBXFileReference; lastKnownFileType = file.mlmodel; path = MobileNetV2.mlmodel; sourceTree = "<group>"; };
		21887CB326256CC5005707C1 /* Segmentation-CoreML.app */ = {isa = PBXFileReference; explicitFileType = wrapper.application; includeInIndex = 0; path = "Segmentation-CoreML.app"; sourceTree = BUILT_PRODUCTS_DIR; };
		21887CB626256CC5005707C1 /* AppDelegate.swift */ = {isa = PBXFileReference; lastKnownFileType = sourcecode.swift; path = AppDelegate.swift; sourceTree = "<group>"; };
		21887CB826256CC5005707C1 /* SceneDelegate.swift */ = {isa = PBXFileReference; lastKnownFileType = sourcecode.swift; path = SceneDelegate.swift; sourceTree = "<group>"; };
		21887CBA26256CC5005707C1 /* ViewController.swift */ = {isa = PBXFileReference; lastKnownFileType = sourcecode.swift; path = ViewController.swift; sourceTree = "<group>"; };
		21887CBD26256CC5005707C1 /* Base */ = {isa = PBXFileReference; lastKnownFileType = file.storyboard; name = Base; path = Base.lproj/Main.storyboard; sourceTree = "<group>"; };
		21887CBF26256CCB005707C1 /* Assets.xcassets */ = {isa = PBXFileReference; lastKnownFileType = folder.assetcatalog; path = Assets.xcassets; sourceTree = "<group>"; };
		21887CC226256CCB005707C1 /* Base */ = {isa = PBXFileReference; lastKnownFileType = file.storyboard; name = Base; path = Base.lproj/LaunchScreen.storyboard; sourceTree = "<group>"; };
		21887CC426256CCB005707C1 /* Info.plist */ = {isa = PBXFileReference; lastKnownFileType = text.plist.xml; path = Info.plist; sourceTree = "<group>"; };
		21887CD026256D17005707C1 /* deeplab.json */ = {isa = PBXFileReference; fileEncoding = 4; lastKnownFileType = text.json; path = deeplab.json; sourceTree = "<group>"; };
		21887CD326256D20005707C1 /* deeplab.mlmodel */ = {isa = PBXFileReference; lastKnownFileType = file.mlmodel; path = deeplab.mlmodel; sourceTree = "<group>"; };
		21887CD626256D68005707C1 /* Segmentator.swift */ = {isa = PBXFileReference; lastKnownFileType = sourcecode.swift; path = Segmentator.swift; sourceTree = "<group>"; };
		21887CD926256D9B005707C1 /* Extensions.swift */ = {isa = PBXFileReference; lastKnownFileType = sourcecode.swift; path = Extensions.swift; sourceTree = "<group>"; };
		21887CDC26256DC0005707C1 /* SegmentationMultiArrayResult.swift */ = {isa = PBXFileReference; lastKnownFileType = sourcecode.swift; path = SegmentationMultiArrayResult.swift; sourceTree = "<group>"; };
		21887CE82625720C005707C1 /* 10005.png */ = {isa = PBXFileReference; lastKnownFileType = image.png; path = 10005.png; sourceTree = "<group>"; };
		21887CEB2625721F005707C1 /* 10038.png */ = {isa = PBXFileReference; lastKnownFileType = image.png; path = 10038.png; sourceTree = "<group>"; };
		219592FE263BC342007AF858 /* mobileunet_model.mlmodel */ = {isa = PBXFileReference; lastKnownFileType = file.mlmodel; path = mobileunet_model.mlmodel; sourceTree = "<group>"; };
		21959301263BD697007AF858 /* 10020.png */ = {isa = PBXFileReference; lastKnownFileType = image.png; path = 10020.png; sourceTree = "<group>"; };
/* End PBXFileReference section */

/* Begin PBXFrameworksBuildPhase section */
		21887CB026256CC5005707C1 /* Frameworks */ = {
			isa = PBXFrameworksBuildPhase;
			buildActionMask = 2147483647;
			files = (
			);
			runOnlyForDeploymentPostprocessing = 0;
		};
/* End PBXFrameworksBuildPhase section */

/* Begin PBXGroup section */
		21887CAA26256CC5005707C1 = {
			isa = PBXGroup;
			children = (
				21887CCF26256D04005707C1 /* Model */,
				21887CB526256CC5005707C1 /* Segmentation-CoreML */,
				21887CB426256CC5005707C1 /* Products */,
			);
			sourceTree = "<group>";
		};
		21887CB426256CC5005707C1 /* Products */ = {
			isa = PBXGroup;
			children = (
				21887CB326256CC5005707C1 /* Segmentation-CoreML.app */,
			);
			name = Products;
			sourceTree = "<group>";
		};
		21887CB526256CC5005707C1 /* Segmentation-CoreML */ = {
			isa = PBXGroup;
			children = (
				21887CB626256CC5005707C1 /* AppDelegate.swift */,
				21887CB826256CC5005707C1 /* SceneDelegate.swift */,
				21887CBA26256CC5005707C1 /* ViewController.swift */,
				2107302E2671ED9000C653EE /* SegmentationMap.swift */,
				21887CD626256D68005707C1 /* Segmentator.swift */,
				212DCF9E2681714200FBF0C6 /* ModelOutput.swift */,
				21800D56266F177C00D7532F /* ConfidenceLabelType.swift */,
				21800D4F266E107200D7532F /* TissueLabelType.swift */,
				21887CD926256D9B005707C1 /* Extensions.swift */,
				21887CDC26256DC0005707C1 /* SegmentationMultiArrayResult.swift */,
				21887CBC26256CC5005707C1 /* Main.storyboard */,
				21887CBF26256CCB005707C1 /* Assets.xcassets */,
				21887CC126256CCB005707C1 /* LaunchScreen.storyboard */,
				21887CC426256CCB005707C1 /* Info.plist */,
				21887CE82625720C005707C1 /* 10005.png */,
				21887CEB2625721F005707C1 /* 10038.png */,
				21959301263BD697007AF858 /* 10020.png */,
				2102A0562642269B000569B7 /* 10035.png */,
				2102A059264226AC000569B7 /* 10024.png */,
				2102A05C264226C1000569B7 /* 10028.png */,
				2102A067264226EE000569B7 /* 10006.png */,
			);
			path = "Segmentation-CoreML";
			sourceTree = "<group>";
		};
		21887CCF26256D04005707C1 /* Model */ = {
			isa = PBXGroup;
			children = (
				21887CD326256D20005707C1 /* deeplab.mlmodel */,
				21887CD026256D17005707C1 /* deeplab.json */,
				219592FE263BC342007AF858 /* mobileunet_model.mlmodel */,
				2184A3012655F1EE00AEF111 /* MobileNetV2.mlmodel */,
			);
			path = Model;
			sourceTree = "<group>";
		};
/* End PBXGroup section */

/* Begin PBXNativeTarget section */
		21887CB226256CC5005707C1 /* Segmentation-CoreML */ = {
			isa = PBXNativeTarget;
			buildConfigurationList = 21887CC726256CCB005707C1 /* Build configuration list for PBXNativeTarget "Segmentation-CoreML" */;
			buildPhases = (
				21887CAF26256CC5005707C1 /* Sources */,
				21887CB026256CC5005707C1 /* Frameworks */,
				21887CB126256CC5005707C1 /* Resources */,
			);
			buildRules = (
			);
			dependencies = (
			);
			name = "Segmentation-CoreML";
			productName = "Segmentation-CoreML";
			productReference = 21887CB326256CC5005707C1 /* Segmentation-CoreML.app */;
			productType = "com.apple.product-type.application";
		};
/* End PBXNativeTarget section */

/* Begin PBXProject section */
		21887CAB26256CC5005707C1 /* Project object */ = {
			isa = PBXProject;
			attributes = {
				LastSwiftUpdateCheck = 1230;
				LastUpgradeCheck = 1230;
				TargetAttributes = {
					21887CB226256CC5005707C1 = {
						CreatedOnToolsVersion = 12.3;
					};
				};
			};
			buildConfigurationList = 21887CAE26256CC5005707C1 /* Build configuration list for PBXProject "Segmentation-CoreML" */;
			compatibilityVersion = "Xcode 9.3";
			developmentRegion = en;
			hasScannedForEncodings = 0;
			knownRegions = (
				en,
				Base,
			);
			mainGroup = 21887CAA26256CC5005707C1;
			productRefGroup = 21887CB426256CC5005707C1 /* Products */;
			projectDirPath = "";
			projectRoot = "";
			targets = (
				21887CB226256CC5005707C1 /* Segmentation-CoreML */,
			);
		};
/* End PBXProject section */

/* Begin PBXResourcesBuildPhase section */
		21887CB126256CC5005707C1 /* Resources */ = {
			isa = PBXResourcesBuildPhase;
			buildActionMask = 2147483647;
			files = (
				21887CC326256CCB005707C1 /* LaunchScreen.storyboard in Resources */,
				21887CEC2625721F005707C1 /* 10038.png in Resources */,
				21887CE92625720C005707C1 /* 10005.png in Resources */,
				21887CD126256D17005707C1 /* deeplab.json in Resources */,
				2102A05A264226AC000569B7 /* 10024.png in Resources */,
				2102A064264226C1000569B7 /* 10028.png in Resources */,
				2102A068264226EE000569B7 /* 10006.png in Resources */,
				21959302263BD697007AF858 /* 10020.png in Resources */,
				2102A0572642269B000569B7 /* 10035.png in Resources */,
				21887CC026256CCB005707C1 /* Assets.xcassets in Resources */,
				21887CBE26256CC5005707C1 /* Main.storyboard in Resources */,
			);
			runOnlyForDeploymentPostprocessing = 0;
		};
/* End PBXResourcesBuildPhase section */

/* Begin PBXSourcesBuildPhase section */
		21887CAF26256CC5005707C1 /* Sources */ = {
			isa = PBXSourcesBuildPhase;
			buildActionMask = 2147483647;
			files = (
				2107302F2671ED9000C653EE /* SegmentationMap.swift in Sources */,
				2184A3022655F1EE00AEF111 /* MobileNetV2.mlmodel in Sources */,
				21887CD726256D68005707C1 /* Segmentator.swift in Sources */,
				21887CDA26256D9B005707C1 /* Extensions.swift in Sources */,
				21887CD426256D20005707C1 /* deeplab.mlmodel in Sources */,
				21887CBB26256CC5005707C1 /* ViewController.swift in Sources */,
				219592FF263BC342007AF858 /* mobileunet_model.mlmodel in Sources */,
				21800D57266F177C00D7532F /* ConfidenceLabelType.swift in Sources */,
				21887CB726256CC5005707C1 /* AppDelegate.swift in Sources */,
				21800D50266E107200D7532F /* TissueLabelType.swift in Sources */,
				21887CB926256CC5005707C1 /* SceneDelegate.swift in Sources */,
				21887CDD26256DC0005707C1 /* SegmentationMultiArrayResult.swift in Sources */,
				212DCF9F2681714200FBF0C6 /* ModelOutput.swift in Sources */,
			);
			runOnlyForDeploymentPostprocessing = 0;
		};
/* End PBXSourcesBuildPhase section */

/* Begin PBXVariantGroup section */
		21887CBC26256CC5005707C1 /* Main.storyboard */ = {
			isa = PBXVariantGroup;
			children = (
				21887CBD26256CC5005707C1 /* Base */,
			);
			name = Main.storyboard;
			sourceTree = "<group>";
		};
		21887CC126256CCB005707C1 /* LaunchScreen.storyboard */ = {
			isa = PBXVariantGroup;
			children = (
				21887CC226256CCB005707C1 /* Base */,
			);
			name = LaunchScreen.storyboard;
			sourceTree = "<group>";
		};
/* End PBXVariantGroup section */

/* Begin XCBuildConfiguration section */
		21887CC526256CCB005707C1 /* Debug */ = {
			isa = XCBuildConfiguration;
			buildSettings = {
				ALWAYS_SEARCH_USER_PATHS = NO;
				CLANG_ANALYZER_NONNULL = YES;
				CLANG_ANALYZER_NUMBER_OBJECT_CONVERSION = YES_AGGRESSIVE;
				CLANG_CXX_LANGUAGE_STANDARD = "gnu++14";
				CLANG_CXX_LIBRARY = "libc++";
				CLANG_ENABLE_MODULES = YES;
				CLANG_ENABLE_OBJC_ARC = YES;
				CLANG_ENABLE_OBJC_WEAK = YES;
				CLANG_WARN_BLOCK_CAPTURE_AUTORELEASING = YES;
				CLANG_WARN_BOOL_CONVERSION = YES;
				CLANG_WARN_COMMA = YES;
				CLANG_WARN_CONSTANT_CONVERSION = YES;
				CLANG_WARN_DEPRECATED_OBJC_IMPLEMENTATIONS = YES;
				CLANG_WARN_DIRECT_OBJC_ISA_USAGE = YES_ERROR;
				CLANG_WARN_DOCUMENTATION_COMMENTS = YES;
				CLANG_WARN_EMPTY_BODY = YES;
				CLANG_WARN_ENUM_CONVERSION = YES;
				CLANG_WARN_INFINITE_RECURSION = YES;
				CLANG_WARN_INT_CONVERSION = YES;
				CLANG_WARN_NON_LITERAL_NULL_CONVERSION = YES;
				CLANG_WARN_OBJC_IMPLICIT_RETAIN_SELF = YES;
				CLANG_WARN_OBJC_LITERAL_CONVERSION = YES;
				CLANG_WARN_OBJC_ROOT_CLASS = YES_ERROR;
				CLANG_WARN_QUOTED_INCLUDE_IN_FRAMEWORK_HEADER = YES;
				CLANG_WARN_RANGE_LOOP_ANALYSIS = YES;
				CLANG_WARN_STRICT_PROTOTYPES = YES;
				CLANG_WARN_SUSPICIOUS_MOVE = YES;
				CLANG_WARN_UNGUARDED_AVAILABILITY = YES_AGGRESSIVE;
				CLANG_WARN_UNREACHABLE_CODE = YES;
				CLANG_WARN__DUPLICATE_METHOD_MATCH = YES;
				COPY_PHASE_STRIP = NO;
				DEBUG_INFORMATION_FORMAT = dwarf;
				ENABLE_STRICT_OBJC_MSGSEND = YES;
				ENABLE_TESTABILITY = YES;
				GCC_C_LANGUAGE_STANDARD = gnu11;
				GCC_DYNAMIC_NO_PIC = NO;
				GCC_NO_COMMON_BLOCKS = YES;
				GCC_OPTIMIZATION_LEVEL = 0;
				GCC_PREPROCESSOR_DEFINITIONS = (
					"DEBUG=1",
					"$(inherited)",
				);
				GCC_WARN_64_TO_32_BIT_CONVERSION = YES;
				GCC_WARN_ABOUT_RETURN_TYPE = YES_ERROR;
				GCC_WARN_UNDECLARED_SELECTOR = YES;
				GCC_WARN_UNINITIALIZED_AUTOS = YES_AGGRESSIVE;
				GCC_WARN_UNUSED_FUNCTION = YES;
				GCC_WARN_UNUSED_VARIABLE = YES;
				IPHONEOS_DEPLOYMENT_TARGET = 14.3;
				MTL_ENABLE_DEBUG_INFO = INCLUDE_SOURCE;
				MTL_FAST_MATH = YES;
				ONLY_ACTIVE_ARCH = YES;
				SDKROOT = iphoneos;
				SWIFT_ACTIVE_COMPILATION_CONDITIONS = DEBUG;
				SWIFT_OPTIMIZATION_LEVEL = "-Onone";
			};
			name = Debug;
		};
		21887CC626256CCB005707C1 /* Release */ = {
			isa = XCBuildConfiguration;
			buildSettings = {
				ALWAYS_SEARCH_USER_PATHS = NO;
				CLANG_ANALYZER_NONNULL = YES;
				CLANG_ANALYZER_NUMBER_OBJECT_CONVERSION = YES_AGGRESSIVE;
				CLANG_CXX_LANGUAGE_STANDARD = "gnu++14";
				CLANG_CXX_LIBRARY = "libc++";
				CLANG_ENABLE_MODULES = YES;
				CLANG_ENABLE_OBJC_ARC = YES;
				CLANG_ENABLE_OBJC_WEAK = YES;
				CLANG_WARN_BLOCK_CAPTURE_AUTORELEASING = YES;
				CLANG_WARN_BOOL_CONVERSION = YES;
				CLANG_WARN_COMMA = YES;
				CLANG_WARN_CONSTANT_CONVERSION = YES;
				CLANG_WARN_DEPRECATED_OBJC_IMPLEMENTATIONS = YES;
				CLANG_WARN_DIRECT_OBJC_ISA_USAGE = YES_ERROR;
				CLANG_WARN_DOCUMENTATION_COMMENTS = YES;
				CLANG_WARN_EMPTY_BODY = YES;
				CLANG_WARN_ENUM_CONVERSION = YES;
				CLANG_WARN_INFINITE_RECURSION = YES;
				CLANG_WARN_INT_CONVERSION = YES;
				CLANG_WARN_NON_LITERAL_NULL_CONVERSION = YES;
				CLANG_WARN_OBJC_IMPLICIT_RETAIN_SELF = YES;
				CLANG_WARN_OBJC_LITERAL_CONVERSION = YES;
				CLANG_WARN_OBJC_ROOT_CLASS = YES_ERROR;
				CLANG_WARN_QUOTED_INCLUDE_IN_FRAMEWORK_HEADER = YES;
				CLANG_WARN_RANGE_LOOP_ANALYSIS = YES;
				CLANG_WARN_STRICT_PROTOTYPES = YES;
				CLANG_WARN_SUSPICIOUS_MOVE = YES;
				CLANG_WARN_UNGUARDED_AVAILABILITY = YES_AGGRESSIVE;
				CLANG_WARN_UNREACHABLE_CODE = YES;
				CLANG_WARN__DUPLICATE_METHOD_MATCH = YES;
				COPY_PHASE_STRIP = NO;
				DEBUG_INFORMATION_FORMAT = "dwarf-with-dsym";
				ENABLE_NS_ASSERTIONS = NO;
				ENABLE_STRICT_OBJC_MSGSEND = YES;
				GCC_C_LANGUAGE_STANDARD = gnu11;
				GCC_NO_COMMON_BLOCKS = YES;
				GCC_WARN_64_TO_32_BIT_CONVERSION = YES;
				GCC_WARN_ABOUT_RETURN_TYPE = YES_ERROR;
				GCC_WARN_UNDECLARED_SELECTOR = YES;
				GCC_WARN_UNINITIALIZED_AUTOS = YES_AGGRESSIVE;
				GCC_WARN_UNUSED_FUNCTION = YES;
				GCC_WARN_UNUSED_VARIABLE = YES;
				IPHONEOS_DEPLOYMENT_TARGET = 14.3;
				MTL_ENABLE_DEBUG_INFO = NO;
				MTL_FAST_MATH = YES;
				SDKROOT = iphoneos;
				SWIFT_COMPILATION_MODE = wholemodule;
				SWIFT_OPTIMIZATION_LEVEL = "-O";
				VALIDATE_PRODUCT = YES;
			};
			name = Release;
		};
		21887CC826256CCB005707C1 /* Debug */ = {
			isa = XCBuildConfiguration;
			buildSettings = {
				ASSETCATALOG_COMPILER_APPICON_NAME = AppIcon;
				ASSETCATALOG_COMPILER_GLOBAL_ACCENT_COLOR_NAME = AccentColor;
				CODE_SIGN_STYLE = Automatic;
				DEVELOPMENT_TEAM = UX3P4HP842;
				INFOPLIST_FILE = "Segmentation-CoreML/Info.plist";
				LD_RUNPATH_SEARCH_PATHS = (
					"$(inherited)",
					"@executable_path/Frameworks",
				);
				PRODUCT_BUNDLE_IDENTIFIER = "sheryltay.Segmentation-CoreML";
				PRODUCT_NAME = "$(TARGET_NAME)";
				SWIFT_VERSION = 5.0;
				TARGETED_DEVICE_FAMILY = "1,2";
			};
			name = Debug;
		};
		21887CC926256CCB005707C1 /* Release */ = {
			isa = XCBuildConfiguration;
			buildSettings = {
				ASSETCATALOG_COMPILER_APPICON_NAME = AppIcon;
				ASSETCATALOG_COMPILER_GLOBAL_ACCENT_COLOR_NAME = AccentColor;
				CODE_SIGN_STYLE = Automatic;
				DEVELOPMENT_TEAM = UX3P4HP842;
				INFOPLIST_FILE = "Segmentation-CoreML/Info.plist";
				LD_RUNPATH_SEARCH_PATHS = (
					"$(inherited)",
					"@executable_path/Frameworks",
				);
				PRODUCT_BUNDLE_IDENTIFIER = "sheryltay.Segmentation-CoreML";
				PRODUCT_NAME = "$(TARGET_NAME)";
				SWIFT_VERSION = 5.0;
				TARGETED_DEVICE_FAMILY = "1,2";
			};
			name = Release;
		};
/* End XCBuildConfiguration section */

/* Begin XCConfigurationList section */
		21887CAE26256CC5005707C1 /* Build configuration list for PBXProject "Segmentation-CoreML" */ = {
			isa = XCConfigurationList;
			buildConfigurations = (
				21887CC526256CCB005707C1 /* Debug */,
				21887CC626256CCB005707C1 /* Release */,
			);
			defaultConfigurationIsVisible = 0;
			defaultConfigurationName = Release;
		};
		21887CC726256CCB005707C1 /* Build configuration list for PBXNativeTarget "Segmentation-CoreML" */ = {
			isa = XCConfigurationList;
			buildConfigurations = (
				21887CC826256CCB005707C1 /* Debug */,
				21887CC926256CCB005707C1 /* Release */,
			);
			defaultConfigurationIsVisible = 0;
			defaultConfigurationName = Release;
		};
/* End XCConfigurationList section */
	};
	rootObject = 21887CAB26256CC5005707C1 /* Project object */;
}
